
Microsoft Visual Studio Solution File, Format Version 12.00
# Visual Studio Version 17
VisualStudioVersion = 17.11.35312.102
MinimumVisualStudioVersion = 10.0.40219.1
Project("{9A19103F-16F7-4668-BE54-9A1E7A4F7556}") = "ProyectodeferrerMaster", "ProyectodeferrerMaster\ProyectodeferrerMaster.csproj", "{130D2AA0-DFC0-4A48-8410-1D47D67A6526}"
EndProject
Global
	GlobalSection(SolutionConfigurationPlatforms) = preSolution
		Debug|Any CPU = Debug|Any CPU
		Release|Any CPU = Release|Any CPU
	EndGlobalSection
	GlobalSection(ProjectConfigurationPlatforms) = postSolution
		{130D2AA0-DFC0-4A48-8410-1D47D67A6526}.Debug|Any CPU.ActiveCfg = Debug|Any CPU
		{130D2AA0-DFC0-4A48-8410-1D47D67A6526}.Debug|Any CPU.Build.0 = Debug|Any CPU
		{130D2AA0-DFC0-4A48-8410-1D47D67A6526}.Release|Any CPU.ActiveCfg = Release|Any CPU
		{130D2AA0-DFC0-4A48-8410-1D47D67A6526}.Release|Any CPU.Build.0 = Release|Any CPU
	EndGlobalSection
	GlobalSection(SolutionProperties) = preSolution
		HideSolutionNode = FALSE
	EndGlobalSection
	GlobalSection(ExtensibilityGlobals) = postSolution
		SolutionGuid = {9D1B21E0-2834-4275-8661-7CFE1C3E3123}
	EndGlobalSection
EndGlobal
